// !$*UTF8*$!
{
	archiveVersion = 1;
	classes = {
	};
	objectVersion = 77;
	objects = {

/* Begin PBXBuildFile section */
		025084C3DC635145D6F31444 /* VerifyView.swift in Sources */ = {isa = PBXBuildFile; fileRef = 46247AA70D477F0E94B7092B /* VerifyView.swift */; };
		373CE61932F6CEC447DE8FB8 /* VoiceProtocol.swift in Sources */ = {isa = PBXBuildFile; fileRef = 93FA42283E6931110127BDB7 /* VoiceProtocol.swift */; };
		438C4EA9CD17CE2125A6DBB5 /* AppModel.swift in Sources */ = {isa = PBXBuildFile; fileRef = 2244919DAFF556727BA605C0 /* AppModel.swift */; };
		4BE79D779BC0DD09693A20E8 /* HermesVoiceTests.swift in Sources */ = {isa = PBXBuildFile; fileRef = 0309470B51254D0C6611C26E /* HermesVoiceTests.swift */; };
		4F98434705DC4C98A5510DAD /* SettingsView.swift in Sources */ = {isa = PBXBuildFile; fileRef = 28412E363EB814DC712DB35D /* SettingsView.swift */; };
		4FCDFEDB90C6FA7A706B3D33 /* VoiceSocket.swift in Sources */ = {isa = PBXBuildFile; fileRef = E76F8D9497951667989222C3 /* VoiceSocket.swift */; };
		53385421B7AF17200EE8DCF6 /* ConnectionStatusView.swift in Sources */ = {isa = PBXBuildFile; fileRef = 94B32ED190650622CD7DB0F3 /* ConnectionStatusView.swift */; };
		5537ED803E7783B8088C52F4 /* ConversationViewModel.swift in Sources */ = {isa = PBXBuildFile; fileRef = BB5CE4923062705EBE644B40 /* ConversationViewModel.swift */; };
		59922692112312FEE289612D /* AudioSessionManager.swift in Sources */ = {isa = PBXBuildFile; fileRef = 6029A9896AC8BAC6E2CA137C /* AudioSessionManager.swift */; };
		5A430FA4C5817EA91FBB731B /* RootView.swift in Sources */ = {isa = PBXBuildFile; fileRef = B6A1BBDC499BB1F5974485E0 /* RootView.swift */; };
		6AD5D3983E5989A77FB320DD /* HermesVoiceApp.swift in Sources */ = {isa = PBXBuildFile; fileRef = DBD27C5179FB969C4909958A /* HermesVoiceApp.swift */; };
		95166A16309F23F0611FFB05 /* ConversationView.swift in Sources */ = {isa = PBXBuildFile; fileRef = 0A56047752BEB1ED4C653811 /* ConversationView.swift */; };
		9E76B8B43596463946CC4BFA /* AppConfig.swift in Sources */ = {isa = PBXBuildFile; fileRef = 5B4BFB0D2F5FD0AEF1FD6FDC /* AppConfig.swift */; };
		A0AFAF7833890385116DF13B /* LoginView.swift in Sources */ = {isa = PBXBuildFile; fileRef = 140A1CB9247908A2F3F35CE7 /* LoginView.swift */; };
		A96548977A70311EFDD9BC99 /* DeveloperSettingsStore.swift in Sources */ = {isa = PBXBuildFile; fileRef = 5CD5E9AEA39A1D869160C8F2 /* DeveloperSettingsStore.swift */; };
		B3BC31CC4B4D6422EB96EBAB /* AudioPlayback.swift in Sources */ = {isa = PBXBuildFile; fileRef = C2E8144F85A0D5A957A1994D /* AudioPlayback.swift */; };
		C56CBB107BABB1EDEBAD6B99 /* VoiceProtocolTests.swift in Sources */ = {isa = PBXBuildFile; fileRef = F270355AA86A6DA9235F18D5 /* VoiceProtocolTests.swift */; };
		DDD1F11B34F9B3926A630505 /* Assets.xcassets in Resources */ = {isa = PBXBuildFile; fileRef = 98913E2AE1777903CEF0FDAF /* Assets.xcassets */; };
		DE49B422B0415CE04D4B1269 /* SessionStore.swift in Sources */ = {isa = PBXBuildFile; fileRef = CEF8093E093E40EF73D6EE1D /* SessionStore.swift */; };
		E64ED47CFCD006FA2C3A139A /* AudioCapture.swift in Sources */ = {isa = PBXBuildFile; fileRef = C5841645AB24FA300E63B36B /* AudioCapture.swift */; };
		EA0FBE68181A1E355188FB4A /* AuthClient.swift in Sources */ = {isa = PBXBuildFile; fileRef = F5C3C7631A3B3FFC80835F62 /* AuthClient.swift */; };
/* End PBXBuildFile section */

/* Begin PBXContainerItemProxy section */
		03F38D6A6AA2069F25337336 /* PBXContainerItemProxy */ = {
			isa = PBXContainerItemProxy;
			containerPortal = 2DF5568C59CCE513383951E0 /* Project object */;
			proxyType = 1;
			remoteGlobalIDString = 2E166F697B9C5F298B486D93;
			remoteInfo = HermesVoice;
		};
/* End PBXContainerItemProxy section */

/* Begin PBXFileReference section */
		0309470B51254D0C6611C26E /* HermesVoiceTests.swift */ = {isa = PBXFileReference; lastKnownFileType = sourcecode.swift; path = HermesVoiceTests.swift; sourceTree = "<group>"; };
		0A56047752BEB1ED4C653811 /* ConversationView.swift */ = {isa = PBXFileReference; lastKnownFileType = sourcecode.swift; path = ConversationView.swift; sourceTree = "<group>"; };
		140A1CB9247908A2F3F35CE7 /* LoginView.swift */ = {isa = PBXFileReference; lastKnownFileType = sourcecode.swift; path = LoginView.swift; sourceTree = "<group>"; };
		2244919DAFF556727BA605C0 /* AppModel.swift */ = {isa = PBXFileReference; lastKnownFileType = sourcecode.swift; path = AppModel.swift; sourceTree = "<group>"; };
		28412E363EB814DC712DB35D /* SettingsView.swift */ = {isa = PBXFileReference; lastKnownFileType = sourcecode.swift; path = SettingsView.swift; sourceTree = "<group>"; };
		33618AE3B04F408F05E06F79 /* Info.plist */ = {isa = PBXFileReference; lastKnownFileType = text.plist; path = Info.plist; sourceTree = "<group>"; };
		373162B3032FBABEE10C4D75 /* .gitkeep */ = {isa = PBXFileReference; lastKnownFileType = text; path = .gitkeep; sourceTree = "<group>"; };
		46247AA70D477F0E94B7092B /* VerifyView.swift */ = {isa = PBXFileReference; lastKnownFileType = sourcecode.swift; path = VerifyView.swift; sourceTree = "<group>"; };
		5B4BFB0D2F5FD0AEF1FD6FDC /* AppConfig.swift */ = {isa = PBXFileReference; lastKnownFileType = sourcecode.swift; path = AppConfig.swift; sourceTree = "<group>"; };
		5CD5E9AEA39A1D869160C8F2 /* DeveloperSettingsStore.swift */ = {isa = PBXFileReference; lastKnownFileType = sourcecode.swift; path = DeveloperSettingsStore.swift; sourceTree = "<group>"; };
		6029A9896AC8BAC6E2CA137C /* AudioSessionManager.swift */ = {isa = PBXFileReference; lastKnownFileType = sourcecode.swift; path = AudioSessionManager.swift; sourceTree = "<group>"; };
		79377E4B3B75BF7D5083AEF7 /* HermesVoiceTests.xctest */ = {isa = PBXFileReference; includeInIndex = 0; lastKnownFileType = wrapper.cfbundle; path = HermesVoiceTests.xctest; sourceTree = BUILT_PRODUCTS_DIR; };
		93FA42283E6931110127BDB7 /* VoiceProtocol.swift */ = {isa = PBXFileReference; lastKnownFileType = sourcecode.swift; path = VoiceProtocol.swift; sourceTree = "<group>"; };
		94B32ED190650622CD7DB0F3 /* ConnectionStatusView.swift */ = {isa = PBXFileReference; lastKnownFileType = sourcecode.swift; path = ConnectionStatusView.swift; sourceTree = "<group>"; };
		98913E2AE1777903CEF0FDAF /* Assets.xcassets */ = {isa = PBXFileReference; lastKnownFileType = folder.assetcatalog; path = Assets.xcassets; sourceTree = "<group>"; };
		B6A1BBDC499BB1F5974485E0 /* RootView.swift */ = {isa = PBXFileReference; lastKnownFileType = sourcecode.swift; path = RootView.swift; sourceTree = "<group>"; };
		BB5CE4923062705EBE644B40 /* ConversationViewModel.swift */ = {isa = PBXFileReference; lastKnownFileType = sourcecode.swift; path = ConversationViewModel.swift; sourceTree = "<group>"; };
		C2E8144F85A0D5A957A1994D /* AudioPlayback.swift */ = {isa = PBXFileReference; lastKnownFileType = sourcecode.swift; path = AudioPlayback.swift; sourceTree = "<group>"; };
		C5841645AB24FA300E63B36B /* AudioCapture.swift */ = {isa = PBXFileReference; lastKnownFileType = sourcecode.swift; path = AudioCapture.swift; sourceTree = "<group>"; };
		CEF8093E093E40EF73D6EE1D /* SessionStore.swift */ = {isa = PBXFileReference; lastKnownFileType = sourcecode.swift; path = SessionStore.swift; sourceTree = "<group>"; };
		D84A69132372FE451302742E /* HermesVoice.app */ = {isa = PBXFileReference; explicitFileType = wrapper.application; includeInIndex = 0; path = HermesVoice.app; sourceTree = BUILT_PRODUCTS_DIR; };
		DBD27C5179FB969C4909958A /* HermesVoiceApp.swift */ = {isa = PBXFileReference; lastKnownFileType = sourcecode.swift; path = HermesVoiceApp.swift; sourceTree = "<group>"; };
		E76F8D9497951667989222C3 /* VoiceSocket.swift */ = {isa = PBXFileReference; lastKnownFileType = sourcecode.swift; path = VoiceSocket.swift; sourceTree = "<group>"; };
		F270355AA86A6DA9235F18D5 /* VoiceProtocolTests.swift */ = {isa = PBXFileReference; lastKnownFileType = sourcecode.swift; path = VoiceProtocolTests.swift; sourceTree = "<group>"; };
		F5C3C7631A3B3FFC80835F62 /* AuthClient.swift */ = {isa = PBXFileReference; lastKnownFileType = sourcecode.swift; path = AuthClient.swift; sourceTree = "<group>"; };
/* End PBXFileReference section */

/* Begin PBXGroup section */
		17F63C296C41B011BD7B860A /* Settings */ = {
			isa = PBXGroup;
			children = (
				5CD5E9AEA39A1D869160C8F2 /* DeveloperSettingsStore.swift */,
				28412E363EB814DC712DB35D /* SettingsView.swift */,
			);
			path = Settings;
			sourceTree = "<group>";
		};
		2EBD722FCA4E7AE66981D0B0 /* Preview Content */ = {
			isa = PBXGroup;
			children = (
				373162B3032FBABEE10C4D75 /* .gitkeep */,
			);
			path = "Preview Content";
			sourceTree = "<group>";
		};
		304D5A03EAF63FB2E32D2EBE /* Auth */ = {
			isa = PBXGroup;
			children = (
				F5C3C7631A3B3FFC80835F62 /* AuthClient.swift */,
				140A1CB9247908A2F3F35CE7 /* LoginView.swift */,
				CEF8093E093E40EF73D6EE1D /* SessionStore.swift */,
				46247AA70D477F0E94B7092B /* VerifyView.swift */,
			);
			path = Auth;
			sourceTree = "<group>";
		};
		444BD3935D5BF0B915D337FC /* HermesVoiceTests */ = {
			isa = PBXGroup;
			children = (
				0309470B51254D0C6611C26E /* HermesVoiceTests.swift */,
				F270355AA86A6DA9235F18D5 /* VoiceProtocolTests.swift */,
			);
			path = HermesVoiceTests;
			sourceTree = "<group>";
		};
		6E94946BFBC1A075B0824BE8 /* Config */ = {
			isa = PBXGroup;
			children = (
				5B4BFB0D2F5FD0AEF1FD6FDC /* AppConfig.swift */,
				33618AE3B04F408F05E06F79 /* Info.plist */,
			);
			path = Config;
			sourceTree = "<group>";
		};
		732C01736FAB37C03BF79769 /* HermesVoice */ = {
			isa = PBXGroup;
			children = (
				98913E2AE1777903CEF0FDAF /* Assets.xcassets */,
				DBD27C5179FB969C4909958A /* HermesVoiceApp.swift */,
				8182AE382B73DFAD3FD41F61 /* App */,
				304D5A03EAF63FB2E32D2EBE /* Auth */,
				6E94946BFBC1A075B0824BE8 /* Config */,
				2EBD722FCA4E7AE66981D0B0 /* Preview Content */,
				17F63C296C41B011BD7B860A /* Settings */,
				7404BE7A6E8EB0CC57CB0076 /* UI */,
				C2D30EA884E64FF37F181088 /* Voice */,
			);
			path = HermesVoice;
			sourceTree = "<group>";
		};
		7404BE7A6E8EB0CC57CB0076 /* UI */ = {
			isa = PBXGroup;
			children = (
				94B32ED190650622CD7DB0F3 /* ConnectionStatusView.swift */,
				0A56047752BEB1ED4C653811 /* ConversationView.swift */,
			);
			path = UI;
			sourceTree = "<group>";
		};
		7AF58582FB1B7BBE3D59E3BF = {
			isa = PBXGroup;
			children = (
				732C01736FAB37C03BF79769 /* HermesVoice */,
				444BD3935D5BF0B915D337FC /* HermesVoiceTests */,
				B108727DF6859EF2A5AB803C /* Products */,
			);
			sourceTree = "<group>";
		};
		8182AE382B73DFAD3FD41F61 /* App */ = {
			isa = PBXGroup;
			children = (
				2244919DAFF556727BA605C0 /* AppModel.swift */,
				B6A1BBDC499BB1F5974485E0 /* RootView.swift */,
			);
			path = App;
			sourceTree = "<group>";
		};
		B108727DF6859EF2A5AB803C /* Products */ = {
			isa = PBXGroup;
			children = (
				D84A69132372FE451302742E /* HermesVoice.app */,
				79377E4B3B75BF7D5083AEF7 /* HermesVoiceTests.xctest */,
			);
			name = Products;
			sourceTree = "<group>";
		};
		C2D30EA884E64FF37F181088 /* Voice */ = {
			isa = PBXGroup;
			children = (
				C5841645AB24FA300E63B36B /* AudioCapture.swift */,
				C2E8144F85A0D5A957A1994D /* AudioPlayback.swift */,
				6029A9896AC8BAC6E2CA137C /* AudioSessionManager.swift */,
				BB5CE4923062705EBE644B40 /* ConversationViewModel.swift */,
				93FA42283E6931110127BDB7 /* VoiceProtocol.swift */,
				E76F8D9497951667989222C3 /* VoiceSocket.swift */,
			);
			path = Voice;
			sourceTree = "<group>";
		};
/* End PBXGroup section */

/* Begin PBXNativeTarget section */
		03F292F084A0B81821A45B92 /* HermesVoiceTests */ = {
			isa = PBXNativeTarget;
			buildConfigurationList = 64C8CF5EF50EEE2DF03A920E /* Build configuration list for PBXNativeTarget "HermesVoiceTests" */;
			buildPhases = (
				69C074448D7E0379855812D0 /* Sources */,
			);
			buildRules = (
			);
			dependencies = (
				1089B5FA823B70F5504E9E88 /* PBXTargetDependency */,
			);
			name = HermesVoiceTests;
			packageProductDependencies = (
			);
			productName = HermesVoiceTests;
			productReference = 79377E4B3B75BF7D5083AEF7 /* HermesVoiceTests.xctest */;
			productType = "com.apple.product-type.bundle.unit-test";
		};
		2E166F697B9C5F298B486D93 /* HermesVoice */ = {
			isa = PBXNativeTarget;
			buildConfigurationList = 3BB43510622656E27BB21149 /* Build configuration list for PBXNativeTarget "HermesVoice" */;
			buildPhases = (
				029D8AD7A1598F30B7705851 /* Sources */,
				B4A15645B0E5607CBA68EA84 /* Resources */,
			);
			buildRules = (
			);
			dependencies = (
			);
			name = HermesVoice;
			packageProductDependencies = (
			);
			productName = HermesVoice;
			productReference = D84A69132372FE451302742E /* HermesVoice.app */;
			productType = "com.apple.product-type.application";
		};
/* End PBXNativeTarget section */

/* Begin PBXProject section */
		2DF5568C59CCE513383951E0 /* Project object */ = {
			isa = PBXProject;
			attributes = {
				BuildIndependentTargetsInParallel = YES;
				LastUpgradeCheck = 1430;
				TargetAttributes = {
					2E166F697B9C5F298B486D93 = {
						ProvisioningStyle = Automatic;
					};
				};
			};
			buildConfigurationList = BE3B16B7DD6C03554CF2C5F3 /* Build configuration list for PBXProject "HermesVoice" */;
			developmentRegion = en;
			hasScannedForEncodings = 0;
			knownRegions = (
				Base,
				en,
			);
			mainGroup = 7AF58582FB1B7BBE3D59E3BF;
			minimizedProjectReferenceProxies = 1;
			preferredProjectObjectVersion = 77;
			productRefGroup = B108727DF6859EF2A5AB803C /* Products */;
			projectDirPath = "";
			projectRoot = "";
			targets = (
				2E166F697B9C5F298B486D93 /* HermesVoice */,
				03F292F084A0B81821A45B92 /* HermesVoiceTests */,
			);
		};
/* End PBXProject section */

/* Begin PBXResourcesBuildPhase section */
		B4A15645B0E5607CBA68EA84 /* Resources */ = {
			isa = PBXResourcesBuildPhase;
			buildActionMask = 2147483647;
			files = (
				DDD1F11B34F9B3926A630505 /* Assets.xcassets in Resources */,
			);
			runOnlyForDeploymentPostprocessing = 0;
		};
/* End PBXResourcesBuildPhase section */

/* Begin PBXSourcesBuildPhase section */
		029D8AD7A1598F30B7705851 /* Sources */ = {
			isa = PBXSourcesBuildPhase;
			buildActionMask = 2147483647;
			files = (
				9E76B8B43596463946CC4BFA /* AppConfig.swift in Sources */,
				438C4EA9CD17CE2125A6DBB5 /* AppModel.swift in Sources */,
				E64ED47CFCD006FA2C3A139A /* AudioCapture.swift in Sources */,
				B3BC31CC4B4D6422EB96EBAB /* AudioPlayback.swift in Sources */,
				59922692112312FEE289612D /* AudioSessionManager.swift in Sources */,
				EA0FBE68181A1E355188FB4A /* AuthClient.swift in Sources */,
				53385421B7AF17200EE8DCF6 /* ConnectionStatusView.swift in Sources */,
				95166A16309F23F0611FFB05 /* ConversationView.swift in Sources */,
				5537ED803E7783B8088C52F4 /* ConversationViewModel.swift in Sources */,
				A96548977A70311EFDD9BC99 /* DeveloperSettingsStore.swift in Sources */,
				6AD5D3983E5989A77FB320DD /* HermesVoiceApp.swift in Sources */,
				A0AFAF7833890385116DF13B /* LoginView.swift in Sources */,
				5A430FA4C5817EA91FBB731B /* RootView.swift in Sources */,
				DE49B422B0415CE04D4B1269 /* SessionStore.swift in Sources */,
				4F98434705DC4C98A5510DAD /* SettingsView.swift in Sources */,
				025084C3DC635145D6F31444 /* VerifyView.swift in Sources */,
				373CE61932F6CEC447DE8FB8 /* VoiceProtocol.swift in Sources */,
				4FCDFEDB90C6FA7A706B3D33 /* VoiceSocket.swift in Sources */,
			);
			runOnlyForDeploymentPostprocessing = 0;
		};
		69C074448D7E0379855812D0 /* Sources */ = {
			isa = PBXSourcesBuildPhase;
			buildActionMask = 2147483647;
			files = (
				4BE79D779BC0DD09693A20E8 /* HermesVoiceTests.swift in Sources */,
				C56CBB107BABB1EDEBAD6B99 /* VoiceProtocolTests.swift in Sources */,
			);
			runOnlyForDeploymentPostprocessing = 0;
		};
/* End PBXSourcesBuildPhase section */

/* Begin PBXTargetDependency section */
		1089B5FA823B70F5504E9E88 /* PBXTargetDependency */ = {
			isa = PBXTargetDependency;
			target = 2E166F697B9C5F298B486D93 /* HermesVoice */;
			targetProxy = 03F38D6A6AA2069F25337336 /* PBXContainerItemProxy */;
		};
/* End PBXTargetDependency section */

/* Begin XCBuildConfiguration section */
		1316FDD7BB19FC0CCDD31AD1 /* Release */ = {
			isa = XCBuildConfiguration;
			buildSettings = {
				ASSETCATALOG_COMPILER_APPICON_NAME = AppIcon;
				CODE_SIGN_IDENTITY = "iPhone Developer";
				CODE_SIGN_STYLE = Automatic;
				DEVELOPMENT_TEAM = GL5QL25H5M;
				GENERATE_INFOPLIST_FILE = NO;
				INFOPLIST_FILE = HermesVoice/Config/Info.plist;
				LD_RUNPATH_SEARCH_PATHS = (
					"$(inherited)",
					"@executable_path/Frameworks",
				);
				PRODUCT_MODULE_NAME = HermesVoice;
				SDKROOT = iphoneos;
				SUPPORTS_MACCATALYST = NO;
				SUPPORTS_MAC_DESIGNED_FOR_IPHONE_IPAD = NO;
				TARGETED_DEVICE_FAMILY = "1,2";
			};
			name = Release;
		};
		3FBBAB445954A596B5ABC8AC /* Release */ = {
			isa = XCBuildConfiguration;
			buildSettings = {
				BUNDLE_LOADER = "$(TEST_HOST)";
				GENERATE_INFOPLIST_FILE = YES;
				LD_RUNPATH_SEARCH_PATHS = (
					"$(inherited)",
					"@executable_path/Frameworks",
					"@loader_path/Frameworks",
				);
				PRODUCT_BUNDLE_IDENTIFIER = com.dashanddata.HermesVoiceTests;
				PRODUCT_MODULE_NAME = HermesVoiceTests;
				PRODUCT_NAME = HermesVoiceTests;
				SDKROOT = iphoneos;
				TARGETED_DEVICE_FAMILY = "1,2";
				TEST_HOST = "$(BUILT_PRODUCTS_DIR)/HermesVoice.app/HermesVoice";
			};
			name = Release;
		};
		77D875EDC4656B19E8F98CDD /* Debug */ = {
			isa = XCBuildConfiguration;
			buildSettings = {
				ASSETCATALOG_COMPILER_APPICON_NAME = AppIcon;
				CODE_SIGN_IDENTITY = "iPhone Developer";
				CODE_SIGN_STYLE = Automatic;
				DEVELOPMENT_TEAM = GL5QL25H5M;
				GENERATE_INFOPLIST_FILE = NO;
				INFOPLIST_FILE = HermesVoice/Config/Info.plist;
				LD_RUNPATH_SEARCH_PATHS = (
					"$(inherited)",
					"@executable_path/Frameworks",
				);
				PRODUCT_MODULE_NAME = HermesVoice;
				SDKROOT = iphoneos;
				SUPPORTS_MACCATALYST = NO;
				SUPPORTS_MAC_DESIGNED_FOR_IPHONE_IPAD = NO;
				TARGETED_DEVICE_FAMILY = "1,2";
			};
			name = Debug;
		};
		B9E3BD41C5E00697F81682E6 /* Debug */ = {
			isa = XCBuildConfiguration;
			buildSettings = {
				ALWAYS_SEARCH_USER_PATHS = NO;
				CLANG_ANALYZER_NONNULL = YES;
				CLANG_ANALYZER_NUMBER_OBJECT_CONVERSION = YES_AGGRESSIVE;
				CLANG_CXX_LANGUAGE_STANDARD = "gnu++14";
				CLANG_CXX_LIBRARY = "libc++";
				CLANG_ENABLE_MODULES = YES;
				CLANG_ENABLE_OBJC_ARC = YES;
				CLANG_ENABLE_OBJC_WEAK = YES;
				CLANG_WARN_BLOCK_CAPTURE_AUTORELEASING = YES;
				CLANG_WARN_BOOL_CONVERSION = YES;
				CLANG_WARN_COMMA = YES;
				CLANG_WARN_CONSTANT_CONVERSION = YES;
				CLANG_WARN_DEPRECATED_OBJC_IMPLEMENTATIONS = YES;
				CLANG_WARN_DIRECT_OBJC_ISA_USAGE = YES_ERROR;
				CLANG_WARN_DOCUMENTATION_COMMENTS = YES;
				CLANG_WARN_EMPTY_BODY = YES;
				CLANG_WARN_ENUM_CONVERSION = YES;
				CLANG_WARN_INFINITE_RECURSION = YES;
				CLANG_WARN_INT_CONVERSION = YES;
				CLANG_WARN_NON_LITERAL_NULL_CONVERSION = YES;
				CLANG_WARN_OBJC_IMPLICIT_RETAIN_SELF = YES;
				CLANG_WARN_OBJC_LITERAL_CONVERSION = YES;
				CLANG_WARN_OBJC_ROOT_CLASS = YES_ERROR;
				CLANG_WARN_QUOTED_INCLUDE_IN_FRAMEWORK_HEADER = YES;
				CLANG_WARN_RANGE_LOOP_ANALYSIS = YES;
				CLANG_WARN_STRICT_PROTOTYPES = YES;
				CLANG_WARN_SUSPICIOUS_MOVE = YES;
				CLANG_WARN_UNGUARDED_AVAILABILITY = YES_AGGRESSIVE;
				CLANG_WARN_UNREACHABLE_CODE = YES;
				CLANG_WARN__DUPLICATE_METHOD_MATCH = YES;
				COPY_PHASE_STRIP = NO;
				CURRENT_PROJECT_VERSION = 1;
				DEBUG_INFORMATION_FORMAT = dwarf;
				DEVELOPMENT_ASSET_PATHS = "\"HermesVoice/Preview Content\"";
				ENABLE_STRICT_OBJC_MSGSEND = YES;
				ENABLE_TESTABILITY = YES;
				GCC_C_LANGUAGE_STANDARD = gnu11;
				GCC_DYNAMIC_NO_PIC = NO;
				GCC_NO_COMMON_BLOCKS = YES;
				GCC_OPTIMIZATION_LEVEL = 0;
				GCC_PREPROCESSOR_DEFINITIONS = (
					"$(inherited)",
					"DEBUG=1",
				);
				GCC_WARN_64_TO_32_BIT_CONVERSION = YES;
				GCC_WARN_ABOUT_RETURN_TYPE = YES_ERROR;
				GCC_WARN_UNDECLARED_SELECTOR = YES;
				GCC_WARN_UNINITIALIZED_AUTOS = YES_AGGRESSIVE;
				GCC_WARN_UNUSED_FUNCTION = YES;
				GCC_WARN_UNUSED_VARIABLE = YES;
				INFOPLIST_FILE = HermesVoice/Config/Info.plist;
				IPHONEOS_DEPLOYMENT_TARGET = 17.0;
				MARKETING_VERSION = 0.1.0;
				MTL_ENABLE_DEBUG_INFO = INCLUDE_SOURCE;
				MTL_FAST_MATH = YES;
				ONLY_ACTIVE_ARCH = YES;
				PRODUCT_BUNDLE_IDENTIFIER = com.dashanddata.HermesVoice;
				PRODUCT_NAME = HermesVoice;
				SDKROOT = iphoneos;
				SWIFT_ACTIVE_COMPILATION_CONDITIONS = DEBUG;
				SWIFT_OPTIMIZATION_LEVEL = "-Onone";
				SWIFT_VERSION = 5.10;
				TARGETED_DEVICE_FAMILY = "1,2";
			};
			name = Debug;
		};
		E2D0C8295B62156DF435FC72 /* Release */ = {
			isa = XCBuildConfiguration;
			buildSettings = {
				ALWAYS_SEARCH_USER_PATHS = NO;
				CLANG_ANALYZER_NONNULL = YES;
				CLANG_ANALYZER_NUMBER_OBJECT_CONVERSION = YES_AGGRESSIVE;
				CLANG_CXX_LANGUAGE_STANDARD = "gnu++14";
				CLANG_CXX_LIBRARY = "libc++";
				CLANG_ENABLE_MODULES = YES;
				CLANG_ENABLE_OBJC_ARC = YES;
				CLANG_ENABLE_OBJC_WEAK = YES;
				CLANG_WARN_BLOCK_CAPTURE_AUTORELEASING = YES;
				CLANG_WARN_BOOL_CONVERSION = YES;
				CLANG_WARN_COMMA = YES;
				CLANG_WARN_CONSTANT_CONVERSION = YES;
				CLANG_WARN_DEPRECATED_OBJC_IMPLEMENTATIONS = YES;
				CLANG_WARN_DIRECT_OBJC_ISA_USAGE = YES_ERROR;
				CLANG_WARN_DOCUMENTATION_COMMENTS = YES;
				CLANG_WARN_EMPTY_BODY = YES;
				CLANG_WARN_ENUM_CONVERSION = YES;
				CLANG_WARN_INFINITE_RECURSION = YES;
				CLANG_WARN_INT_CONVERSION = YES;
				CLANG_WARN_NON_LITERAL_NULL_CONVERSION = YES;
				CLANG_WARN_OBJC_IMPLICIT_RETAIN_SELF = YES;
				CLANG_WARN_OBJC_LITERAL_CONVERSION = YES;
				CLANG_WARN_OBJC_ROOT_CLASS = YES_ERROR;
				CLANG_WARN_QUOTED_INCLUDE_IN_FRAMEWORK_HEADER = YES;
				CLANG_WARN_RANGE_LOOP_ANALYSIS = YES;
				CLANG_WARN_STRICT_PROTOTYPES = YES;
				CLANG_WARN_SUSPICIOUS_MOVE = YES;
				CLANG_WARN_UNGUARDED_AVAILABILITY = YES_AGGRESSIVE;
				CLANG_WARN_UNREACHABLE_CODE = YES;
				CLANG_WARN__DUPLICATE_METHOD_MATCH = YES;
				COPY_PHASE_STRIP = NO;
				CURRENT_PROJECT_VERSION = 1;
				DEBUG_INFORMATION_FORMAT = "dwarf-with-dsym";
				DEVELOPMENT_ASSET_PATHS = "\"HermesVoice/Preview Content\"";
				ENABLE_NS_ASSERTIONS = NO;
				ENABLE_STRICT_OBJC_MSGSEND = YES;
				GCC_C_LANGUAGE_STANDARD = gnu11;
				GCC_NO_COMMON_BLOCKS = YES;
				GCC_WARN_64_TO_32_BIT_CONVERSION = YES;
				GCC_WARN_ABOUT_RETURN_TYPE = YES_ERROR;
				GCC_WARN_UNDECLARED_SELECTOR = YES;
				GCC_WARN_UNINITIALIZED_AUTOS = YES_AGGRESSIVE;
				GCC_WARN_UNUSED_FUNCTION = YES;
				GCC_WARN_UNUSED_VARIABLE = YES;
				INFOPLIST_FILE = HermesVoice/Config/Info.plist;
				IPHONEOS_DEPLOYMENT_TARGET = 17.0;
				MARKETING_VERSION = 0.1.0;
				MTL_ENABLE_DEBUG_INFO = NO;
				MTL_FAST_MATH = YES;
				PRODUCT_BUNDLE_IDENTIFIER = com.dashanddata.HermesVoice;
				PRODUCT_NAME = HermesVoice;
				SDKROOT = iphoneos;
				SWIFT_COMPILATION_MODE = wholemodule;
				SWIFT_OPTIMIZATION_LEVEL = "-O";
				SWIFT_VERSION = 5.10;
				TARGETED_DEVICE_FAMILY = "1,2";
			};
			name = Release;
		};
		F79CC1DD1D3ABA162E3EF9AD /* Debug */ = {
			isa = XCBuildConfiguration;
			buildSettings = {
				BUNDLE_LOADER = "$(TEST_HOST)";
				GENERATE_INFOPLIST_FILE = YES;
				LD_RUNPATH_SEARCH_PATHS = (
					"$(inherited)",
					"@executable_path/Frameworks",
					"@loader_path/Frameworks",
				);
				PRODUCT_BUNDLE_IDENTIFIER = com.dashanddata.HermesVoiceTests;
				PRODUCT_MODULE_NAME = HermesVoiceTests;
				PRODUCT_NAME = HermesVoiceTests;
				SDKROOT = iphoneos;
				TARGETED_DEVICE_FAMILY = "1,2";
				TEST_HOST = "$(BUILT_PRODUCTS_DIR)/HermesVoice.app/HermesVoice";
			};
			name = Debug;
		};
/* End XCBuildConfiguration section */

/* Begin XCConfigurationList section */
		3BB43510622656E27BB21149 /* Build configuration list for PBXNativeTarget "HermesVoice" */ = {
			isa = XCConfigurationList;
			buildConfigurations = (
				77D875EDC4656B19E8F98CDD /* Debug */,
				1316FDD7BB19FC0CCDD31AD1 /* Release */,
			);
			defaultConfigurationIsVisible = 0;
			defaultConfigurationName = Debug;
		};
		64C8CF5EF50EEE2DF03A920E /* Build configuration list for PBXNativeTarget "HermesVoiceTests" */ = {
			isa = XCConfigurationList;
			buildConfigurations = (
				F79CC1DD1D3ABA162E3EF9AD /* Debug */,
				3FBBAB445954A596B5ABC8AC /* Release */,
			);
			defaultConfigurationIsVisible = 0;
			defaultConfigurationName = Debug;
		};
		BE3B16B7DD6C03554CF2C5F3 /* Build configuration list for PBXProject "HermesVoice" */ = {
			isa = XCConfigurationList;
			buildConfigurations = (
				B9E3BD41C5E00697F81682E6 /* Debug */,
				E2D0C8295B62156DF435FC72 /* Release */,
			);
			defaultConfigurationIsVisible = 0;
			defaultConfigurationName = Debug;
		};
/* End XCConfigurationList section */
	};
	rootObject = 2DF5568C59CCE513383951E0 /* Project object */;
}
